
Microsoft Visual Studio Solution File, Format Version 12.00
# Visual Studio Version 17
VisualStudioVersion = 17.3.32901.215
MinimumVisualStudioVersion = 10.0.40219.1
Project("{9A19103F-16F7-4668-BE54-9A1E7A4F7556}") = "Agrades.Api", "Agrades.Api\Agrades.Api.csproj", "{D7018960-0B4B-485F-92FB-B142CB4592F0}"
EndProject
Project("{9A19103F-16F7-4668-BE54-9A1E7A4F7556}") = "Agrades.Data", "Agrades.Data\Agrades.Data.csproj", "{D458D73C-9960-46B7-B620-42B3AA594B91}"
EndProject
Global
	GlobalSection(SolutionConfigurationPlatforms) = preSolution
		Debug|Any CPU = Debug|Any CPU
		Release|Any CPU = Release|Any CPU
	EndGlobalSection
	GlobalSection(ProjectConfigurationPlatforms) = postSolution
		{D7018960-0B4B-485F-92FB-B142CB4592F0}.Debug|Any CPU.ActiveCfg = Debug|Any CPU
		{D7018960-0B4B-485F-92FB-B142CB4592F0}.Debug|Any CPU.Build.0 = Debug|Any CPU
		{D7018960-0B4B-485F-92FB-B142CB4592F0}.Release|Any CPU.ActiveCfg = Release|Any CPU
		{D7018960-0B4B-485F-92FB-B142CB4592F0}.Release|Any CPU.Build.0 = Release|Any CPU
		{D458D73C-9960-46B7-B620-42B3AA594B91}.Debug|Any CPU.ActiveCfg = Debug|Any CPU
		{D458D73C-9960-46B7-B620-42B3AA594B91}.Debug|Any CPU.Build.0 = Debug|Any CPU
		{D458D73C-9960-46B7-B620-42B3AA594B91}.Release|Any CPU.ActiveCfg = Release|Any CPU
		{D458D73C-9960-46B7-B620-42B3AA594B91}.Release|Any CPU.Build.0 = Release|Any CPU
	EndGlobalSection
	GlobalSection(SolutionProperties) = preSolution
		HideSolutionNode = FALSE
	EndGlobalSection
	GlobalSection(ExtensibilityGlobals) = postSolution
		SolutionGuid = {1F2E35BA-7BAB-4C9B-8DF0-4D1B62154930}
	EndGlobalSection
EndGlobal
